
Microsoft Visual Studio Solution File, Format Version 12.00
Project("{FAE04EC0-301F-11D3-BF4B-00C04F79EFBC}") = "TestTask", "TestTask\TestTask.csproj", "{CF373BE2-4AE7-4762-AF69-F7A6D9239E1A}"
EndProject
Project("{FAE04EC0-301F-11D3-BF4B-00C04F79EFBC}") = "IntegrationTest", "IntegrationTest\IntegrationTest.csproj", "{56C8298B-166C-4305-8E69-5A707BC4DFD6}"
	ProjectSection(ProjectDependencies) = postProject
		{CF373BE2-4AE7-4762-AF69-F7A6D9239E1A} = {CF373BE2-4AE7-4762-AF69-F7A6D9239E1A}
	EndProjectSection
EndProject
Project("{FAE04EC0-301F-11D3-BF4B-00C04F79EFBC}") = "UnitTest", "UnitTest\UnitTest.csproj", "{D5CFF05A-3183-4FFE-B124-3DA4F62151BC}"
	ProjectSection(ProjectDependencies) = postProject
		{CF373BE2-4AE7-4762-AF69-F7A6D9239E1A} = {CF373BE2-4AE7-4762-AF69-F7A6D9239E1A}
	EndProjectSection
EndProject
Global
	GlobalSection(SolutionConfigurationPlatforms) = preSolution
		Debug|Any CPU = Debug|Any CPU
		Release|Any CPU = Release|Any CPU
	EndGlobalSection
	GlobalSection(ProjectConfigurationPlatforms) = postSolution
		{CF373BE2-4AE7-4762-AF69-F7A6D9239E1A}.Debug|Any CPU.ActiveCfg = Debug|Any CPU
		{CF373BE2-4AE7-4762-AF69-F7A6D9239E1A}.Debug|Any CPU.Build.0 = Debug|Any CPU
		{CF373BE2-4AE7-4762-AF69-F7A6D9239E1A}.Release|Any CPU.ActiveCfg = Release|Any CPU
		{CF373BE2-4AE7-4762-AF69-F7A6D9239E1A}.Release|Any CPU.Build.0 = Release|Any CPU
		{56C8298B-166C-4305-8E69-5A707BC4DFD6}.Debug|Any CPU.ActiveCfg = Debug|Any CPU
		{56C8298B-166C-4305-8E69-5A707BC4DFD6}.Debug|Any CPU.Build.0 = Debug|Any CPU
		{56C8298B-166C-4305-8E69-5A707BC4DFD6}.Release|Any CPU.ActiveCfg = Release|Any CPU
		{56C8298B-166C-4305-8E69-5A707BC4DFD6}.Release|Any CPU.Build.0 = Release|Any CPU
		{D5CFF05A-3183-4FFE-B124-3DA4F62151BC}.Debug|Any CPU.ActiveCfg = Debug|Any CPU
		{D5CFF05A-3183-4FFE-B124-3DA4F62151BC}.Debug|Any CPU.Build.0 = Debug|Any CPU
		{D5CFF05A-3183-4FFE-B124-3DA4F62151BC}.Release|Any CPU.ActiveCfg = Release|Any CPU
		{D5CFF05A-3183-4FFE-B124-3DA4F62151BC}.Release|Any CPU.Build.0 = Release|Any CPU
	EndGlobalSection
EndGlobal
